
Microsoft Visual Studio Solution File, Format Version 12.00
# Visual Studio Version 17
VisualStudioVersion = 17.9.34607.119
MinimumVisualStudioVersion = 10.0.40219.1
Project("{FAE04EC0-301F-11D3-BF4B-00C04F79EFBC}") = "ConsoleApp19", "ConsoleApp19\ConsoleApp19.csproj", "{C26FCE4E-618D-4E66-B351-CDA777BEB28A}"
EndProject
Global
	GlobalSection(SolutionConfigurationPlatforms) = preSolution
		Debug|Any CPU = Debug|Any CPU
		Release|Any CPU = Release|Any CPU
	EndGlobalSection
	GlobalSection(ProjectConfigurationPlatforms) = postSolution
		{C26FCE4E-618D-4E66-B351-CDA777BEB28A}.Debug|Any CPU.ActiveCfg = Debug|Any CPU
		{C26FCE4E-618D-4E66-B351-CDA777BEB28A}.Debug|Any CPU.Build.0 = Debug|Any CPU
		{C26FCE4E-618D-4E66-B351-CDA777BEB28A}.Release|Any CPU.ActiveCfg = Release|Any CPU
		{C26FCE4E-618D-4E66-B351-CDA777BEB28A}.Release|Any CPU.Build.0 = Release|Any CPU
	EndGlobalSection
	GlobalSection(SolutionProperties) = preSolution
		HideSolutionNode = FALSE
	EndGlobalSection
	GlobalSection(ExtensibilityGlobals) = postSolution
		SolutionGuid = {07AEE500-66FD-4F10-905D-8DB841223416}
	EndGlobalSection
EndGlobal
